
Microsoft Visual Studio Solution File, Format Version 12.00
# Visual Studio Version 17
VisualStudioVersion = 17.9.34701.34
MinimumVisualStudioVersion = 10.0.40219.1
Project("{FAE04EC0-301F-11D3-BF4B-00C04F79EFBC}") = "SumTL", "SumTL\SumTL.csproj", "{5ACF1047-086F-4B78-BFF6-81A7366FC7FE}"
EndProject
Project("{FAE04EC0-301F-11D3-BF4B-00C04F79EFBC}") = "SumTL.DAL", "SumTL.DAL\SumTL.DAL.csproj", "{4F1D68F2-C625-4DAB-BB7A-778FD5C8C4BB}"
EndProject
Project("{FAE04EC0-301F-11D3-BF4B-00C04F79EFBC}") = "SumTL.BLL", "SumTL.BLL\SumTL.BLL.csproj", "{1B1716FC-016A-48BB-A5AE-FEDAFB583B0F}"
EndProject
Global
	GlobalSection(SolutionConfigurationPlatforms) = preSolution
		Debug|Any CPU = Debug|Any CPU
		Release|Any CPU = Release|Any CPU
	EndGlobalSection
	GlobalSection(ProjectConfigurationPlatforms) = postSolution
		{5ACF1047-086F-4B78-BFF6-81A7366FC7FE}.Debug|Any CPU.ActiveCfg = Debug|Any CPU
		{5ACF1047-086F-4B78-BFF6-81A7366FC7FE}.Debug|Any CPU.Build.0 = Debug|Any CPU
		{5ACF1047-086F-4B78-BFF6-81A7366FC7FE}.Release|Any CPU.ActiveCfg = Release|Any CPU
		{5ACF1047-086F-4B78-BFF6-81A7366FC7FE}.Release|Any CPU.Build.0 = Release|Any CPU
		{4F1D68F2-C625-4DAB-BB7A-778FD5C8C4BB}.Debug|Any CPU.ActiveCfg = Debug|Any CPU
		{4F1D68F2-C625-4DAB-BB7A-778FD5C8C4BB}.Debug|Any CPU.Build.0 = Debug|Any CPU
		{4F1D68F2-C625-4DAB-BB7A-778FD5C8C4BB}.Release|Any CPU.ActiveCfg = Release|Any CPU
		{4F1D68F2-C625-4DAB-BB7A-778FD5C8C4BB}.Release|Any CPU.Build.0 = Release|Any CPU
		{1B1716FC-016A-48BB-A5AE-FEDAFB583B0F}.Debug|Any CPU.ActiveCfg = Debug|Any CPU
		{1B1716FC-016A-48BB-A5AE-FEDAFB583B0F}.Debug|Any CPU.Build.0 = Debug|Any CPU
		{1B1716FC-016A-48BB-A5AE-FEDAFB583B0F}.Release|Any CPU.ActiveCfg = Release|Any CPU
		{1B1716FC-016A-48BB-A5AE-FEDAFB583B0F}.Release|Any CPU.Build.0 = Release|Any CPU
	EndGlobalSection
	GlobalSection(SolutionProperties) = preSolution
		HideSolutionNode = FALSE
	EndGlobalSection
	GlobalSection(ExtensibilityGlobals) = postSolution
		SolutionGuid = {B8750F87-C077-4D70-BBB3-0A80696C9CB2}
	EndGlobalSection
EndGlobal
